
Microsoft Visual Studio Solution File, Format Version 12.00
# Visual Studio 15
VisualStudioVersion = 15.0.28010.2046
MinimumVisualStudioVersion = 10.0.40219.1
Project("{FAE04EC0-301F-11D3-BF4B-00C04F79EFBC}") = "APM.WebAPI", "APM.WebAPI\APM.WebAPI.csproj", "{6B1B0C4E-9237-4F65-AC04-4BC8FBAE89E0}"
EndProject
Project("{FAE04EC0-301F-11D3-BF4B-00C04F79EFBC}") = "APM.WebAPI.Tests", "APM.WebAPI.Tests\APM.WebAPI.Tests.csproj", "{D22DB3F5-B525-4804-B350-5CA846CC868F}"
EndProject
Project("{E24C65DC-7377-472B-9ABA-BC803B73C61A}") = "APM.Client", "APM.Client\APM.Client\", "{3C076201-B499-4DB3-9552-A1B71C89168C}"
	ProjectSection(WebsiteProperties) = preProject
		TargetFrameworkMoniker = ".NETFramework,Version%3Dv4.5"
		Debug.AspNetCompiler.VirtualPath = "/localhost_50527"
		Debug.AspNetCompiler.PhysicalPath = "APM.Client\APM.Client\"
		Debug.AspNetCompiler.TargetPath = "PrecompiledWeb\localhost_50527\"
		Debug.AspNetCompiler.Updateable = "true"
		Debug.AspNetCompiler.ForceOverwrite = "true"
		Debug.AspNetCompiler.FixedNames = "false"
		Debug.AspNetCompiler.Debug = "True"
		Release.AspNetCompiler.VirtualPath = "/localhost_50527"
		Release.AspNetCompiler.PhysicalPath = "APM.Client\APM.Client\"
		Release.AspNetCompiler.TargetPath = "PrecompiledWeb\localhost_50527\"
		Release.AspNetCompiler.Updateable = "true"
		Release.AspNetCompiler.ForceOverwrite = "true"
		Release.AspNetCompiler.FixedNames = "false"
		Release.AspNetCompiler.Debug = "False"
		VWDPort = "50527"
		SlnRelativePath = "APM.Client\APM.Client\"
		DefaultWebSiteLanguage = "Visual C#"
	EndProjectSection
EndProject
Project("{2150E333-8FDC-42A3-9474-1A3956D46DE8}") = "Solution Items", "Solution Items", "{E78BC049-6931-4829-8BDB-46965133C70A}"
	ProjectSection(SolutionItems) = preProject
		.editorconfig = .editorconfig
	EndProjectSection
EndProject
Global
	GlobalSection(SolutionConfigurationPlatforms) = preSolution
		Debug|Any CPU = Debug|Any CPU
		Release|Any CPU = Release|Any CPU
	EndGlobalSection
	GlobalSection(ProjectConfigurationPlatforms) = postSolution
		{6B1B0C4E-9237-4F65-AC04-4BC8FBAE89E0}.Debug|Any CPU.ActiveCfg = Debug|Any CPU
		{6B1B0C4E-9237-4F65-AC04-4BC8FBAE89E0}.Debug|Any CPU.Build.0 = Debug|Any CPU
		{6B1B0C4E-9237-4F65-AC04-4BC8FBAE89E0}.Release|Any CPU.ActiveCfg = Release|Any CPU
		{6B1B0C4E-9237-4F65-AC04-4BC8FBAE89E0}.Release|Any CPU.Build.0 = Release|Any CPU
		{D22DB3F5-B525-4804-B350-5CA846CC868F}.Debug|Any CPU.ActiveCfg = Debug|Any CPU
		{D22DB3F5-B525-4804-B350-5CA846CC868F}.Debug|Any CPU.Build.0 = Debug|Any CPU
		{D22DB3F5-B525-4804-B350-5CA846CC868F}.Release|Any CPU.ActiveCfg = Release|Any CPU
		{D22DB3F5-B525-4804-B350-5CA846CC868F}.Release|Any CPU.Build.0 = Release|Any CPU
		{3C076201-B499-4DB3-9552-A1B71C89168C}.Debug|Any CPU.ActiveCfg = Debug|Any CPU
		{3C076201-B499-4DB3-9552-A1B71C89168C}.Debug|Any CPU.Build.0 = Debug|Any CPU
		{3C076201-B499-4DB3-9552-A1B71C89168C}.Release|Any CPU.ActiveCfg = Debug|Any CPU
		{3C076201-B499-4DB3-9552-A1B71C89168C}.Release|Any CPU.Build.0 = Debug|Any CPU
	EndGlobalSection
	GlobalSection(SolutionProperties) = preSolution
		HideSolutionNode = FALSE
	EndGlobalSection
	GlobalSection(ExtensibilityGlobals) = postSolution
		SolutionGuid = {B50672B6-6954-434D-89BA-24DB9470E9D2}
	EndGlobalSection
EndGlobal
